// !$*UTF8*$!
{
	archiveVersion = 1;
	classes = {
	};
	objectVersion = 55;
	objects = {

/* Begin PBXBuildFile section */
		58194A36274891EC00133032 /* AppDelegate.swift in Sources */ = {isa = PBXBuildFile; fileRef = 58194A35274891EC00133032 /* AppDelegate.swift */; };
		58194A38274891EC00133032 /* SceneDelegate.swift in Sources */ = {isa = PBXBuildFile; fileRef = 58194A37274891EC00133032 /* SceneDelegate.swift */; };
		58194A3A274891EC00133032 /* ViewController.swift in Sources */ = {isa = PBXBuildFile; fileRef = 58194A39274891EC00133032 /* ViewController.swift */; };
		58194A3D274891EC00133032 /* Main.storyboard in Resources */ = {isa = PBXBuildFile; fileRef = 58194A3B274891EC00133032 /* Main.storyboard */; };
		58194A3F274891ED00133032 /* Assets.xcassets in Resources */ = {isa = PBXBuildFile; fileRef = 58194A3E274891ED00133032 /* Assets.xcassets */; };
		58194A42274891ED00133032 /* LaunchScreen.storyboard in Resources */ = {isa = PBXBuildFile; fileRef = 58194A40274891ED00133032 /* LaunchScreen.storyboard */; };
		5841DAA6274E2354006E070E /* SearchedTableView.swift in Sources */ = {isa = PBXBuildFile; fileRef = 5841DAA5274E2354006E070E /* SearchedTableView.swift */; };
		5841DAA8274E3397006E070E /* AddressData.swift in Sources */ = {isa = PBXBuildFile; fileRef = 5841DAA7274E3397006E070E /* AddressData.swift */; };
		584871432757137B000F51D7 /* UIImage+Extension.swift in Sources */ = {isa = PBXBuildFile; fileRef = 584871422757137B000F51D7 /* UIImage+Extension.swift */; };
		5856E2482752516800F3F9B9 /* WebViewController.swift in Sources */ = {isa = PBXBuildFile; fileRef = 5856E2472752516800F3F9B9 /* WebViewController.swift */; };
		5856E24A27526A4700F3F9B9 /* HungryAPIManager.swift in Sources */ = {isa = PBXBuildFile; fileRef = 5856E24927526A4700F3F9B9 /* HungryAPIManager.swift */; };
		5856E24D2752775900F3F9B9 /* LoginViewController.swift in Sources */ = {isa = PBXBuildFile; fileRef = 5856E24C2752775900F3F9B9 /* LoginViewController.swift */; };
		5856E24F2752776900F3F9B9 /* JoinViewController.swift in Sources */ = {isa = PBXBuildFile; fileRef = 5856E24E2752776900F3F9B9 /* JoinViewController.swift */; };
		5856E2512752777800F3F9B9 /* Login.storyboard in Resources */ = {isa = PBXBuildFile; fileRef = 5856E2502752777800F3F9B9 /* Login.storyboard */; };
		5856E2532752976C00F3F9B9 /* User.swift in Sources */ = {isa = PBXBuildFile; fileRef = 5856E2522752976C00F3F9B9 /* User.swift */; };
		587022A02753DD7800D7213E /* UIViewController+Extension.swift in Sources */ = {isa = PBXBuildFile; fileRef = 5870229F2753DD7800D7213E /* UIViewController+Extension.swift */; };
		587022A22753F06500D7213E /* SearchUserInfoViewController.swift in Sources */ = {isa = PBXBuildFile; fileRef = 587022A12753F06500D7213E /* SearchUserInfoViewController.swift */; };
		587022A42754015A00D7213E /* RegisterNavigationController.swift in Sources */ = {isa = PBXBuildFile; fileRef = 587022A32754015A00D7213E /* RegisterNavigationController.swift */; };
		5883972E276083FD00427E85 /* Constant.swift in Sources */ = {isa = PBXBuildFile; fileRef = 5883972D276083FD00427E85 /* Constant.swift */; };
		5899BA8C2758233300CE1EA9 /* Licenses.swift in Sources */ = {isa = PBXBuildFile; fileRef = 5899BA8B2758233300CE1EA9 /* Licenses.swift */; };
		5899BA8F2758583D00CE1EA9 /* LicenseTableViewCell.swift in Sources */ = {isa = PBXBuildFile; fileRef = 5899BA8D2758583D00CE1EA9 /* LicenseTableViewCell.swift */; };
		5899BA902758583D00CE1EA9 /* LicenseTableViewCell.xib in Resources */ = {isa = PBXBuildFile; fileRef = 5899BA8E2758583D00CE1EA9 /* LicenseTableViewCell.xib */; };
		58A76F75274B4FD900F1E6B6 /* UISearchBar+Extension.swift in Sources */ = {isa = PBXBuildFile; fileRef = 58A76F74274B4FD900F1E6B6 /* UISearchBar+Extension.swift */; };
		58A76F79274B5E9E00F1E6B6 /* RestaurantCollectionViewCell.swift in Sources */ = {isa = PBXBuildFile; fileRef = 58A76F77274B5E9E00F1E6B6 /* RestaurantCollectionViewCell.swift */; };
		58A76F7A274B5E9E00F1E6B6 /* RestaurantCollectionViewCell.xib in Resources */ = {isa = PBXBuildFile; fileRef = 58A76F78274B5E9E00F1E6B6 /* RestaurantCollectionViewCell.xib */; };
		58A76F7C274B6EC300F1E6B6 /* UIView+Extension.swift in Sources */ = {isa = PBXBuildFile; fileRef = 58A76F7B274B6EC300F1E6B6 /* UIView+Extension.swift */; };
		58A87428274BD80700949E02 /* Register.storyboard in Resources */ = {isa = PBXBuildFile; fileRef = 58A87427274BD80700949E02 /* Register.storyboard */; };
		58A8742A274BD81900949E02 /* RegisterViewController.swift in Sources */ = {isa = PBXBuildFile; fileRef = 58A87429274BD81900949E02 /* RegisterViewController.swift */; };
		58A8742D274C894000949E02 /* Alamofire in Frameworks */ = {isa = PBXBuildFile; productRef = 58A8742C274C894000949E02 /* Alamofire */; };
		58A87431274CA93500949E02 /* RegisterCollectionViewCell.swift in Sources */ = {isa = PBXBuildFile; fileRef = 58A8742F274CA93500949E02 /* RegisterCollectionViewCell.swift */; };
		58A87432274CA93500949E02 /* RegisterCollectionViewCell.xib in Resources */ = {isa = PBXBuildFile; fileRef = 58A87430274CA93500949E02 /* RegisterCollectionViewCell.xib */; };
		58B534B22749F61100D91EF7 /* Setting.storyboard in Resources */ = {isa = PBXBuildFile; fileRef = 58B534B12749F61100D91EF7 /* Setting.storyboard */; };
		58B534B42749F62500D91EF7 /* SettingViewController.swift in Sources */ = {isa = PBXBuildFile; fileRef = 58B534B32749F62500D91EF7 /* SettingViewController.swift */; };
		58B534BA2749F75600D91EF7 /* SettingTableViewCell.swift in Sources */ = {isa = PBXBuildFile; fileRef = 58B534B82749F75600D91EF7 /* SettingTableViewCell.swift */; };
		58B534BB2749F75600D91EF7 /* SettingTableViewCell.xib in Resources */ = {isa = PBXBuildFile; fileRef = 58B534B92749F75600D91EF7 /* SettingTableViewCell.xib */; };
		58B7E0BF274CD17B0092E532 /* KakaoLocalAPIManager.swift in Sources */ = {isa = PBXBuildFile; fileRef = 58B7E0BE274CD17B0092E532 /* KakaoLocalAPIManager.swift */; };
		58B7E0C2274CD1D70092E532 /* SwiftyJSON in Frameworks */ = {isa = PBXBuildFile; productRef = 58B7E0C1274CD1D70092E532 /* SwiftyJSON */; };
		58B7E0C7274E0C340092E532 /* SearchTableViewCell.swift in Sources */ = {isa = PBXBuildFile; fileRef = 58B7E0C5274E0C340092E532 /* SearchTableViewCell.swift */; };
		58B7E0C8274E0C340092E532 /* SearchTableViewCell.xib in Resources */ = {isa = PBXBuildFile; fileRef = 58B7E0C6274E0C340092E532 /* SearchTableViewCell.xib */; };
		58C391F42752BA43000A195E /* UILabel+Extension.swift in Sources */ = {isa = PBXBuildFile; fileRef = 58C391F32752BA43000A195E /* UILabel+Extension.swift */; };
		58C391F62752D3E7000A195E /* UserDefaultManager.swift in Sources */ = {isa = PBXBuildFile; fileRef = 58C391F52752D3E7000A195E /* UserDefaultManager.swift */; };
		58D30C6C274A34BA00A905B9 /* Restaurant.storyboard in Resources */ = {isa = PBXBuildFile; fileRef = 58D30C6B274A34BA00A905B9 /* Restaurant.storyboard */; };
		58D30C6E274A34D000A905B9 /* RestaurantViewController.swift in Sources */ = {isa = PBXBuildFile; fileRef = 58D30C6D274A34D000A905B9 /* RestaurantViewController.swift */; };
		58D30C72274A355C00A905B9 /* RestaurantTableViewCell.swift in Sources */ = {isa = PBXBuildFile; fileRef = 58D30C70274A355C00A905B9 /* RestaurantTableViewCell.swift */; };
		58D30C73274A355C00A905B9 /* RestaurantTableViewCell.xib in Resources */ = {isa = PBXBuildFile; fileRef = 58D30C71274A355C00A905B9 /* RestaurantTableViewCell.xib */; };
		58DB694227545FFD000E862B /* FoodCategory.swift in Sources */ = {isa = PBXBuildFile; fileRef = 58DB694127545FFD000E862B /* FoodCategory.swift */; };
		58DB6944275461AD000E862B /* LicenseViewController.swift in Sources */ = {isa = PBXBuildFile; fileRef = 58DB6943275461AD000E862B /* LicenseViewController.swift */; };
		58DB69462754CF19000E862B /* Marker.swift in Sources */ = {isa = PBXBuildFile; fileRef = 58DB69452754CF19000E862B /* Marker.swift */; };
		58DEB5EA275791500027122B /* UIImageView+Extension.swift in Sources */ = {isa = PBXBuildFile; fileRef = 58DEB5E9275791500027122B /* UIImageView+Extension.swift */; };
		58DEB5ED2757B3110027122B /* Kingfisher in Frameworks */ = {isa = PBXBuildFile; productRef = 58DEB5EC2757B3110027122B /* Kingfisher */; };
		58F455A72753580D008DB9A5 /* TabBarViewController.swift in Sources */ = {isa = PBXBuildFile; fileRef = 58F455A62753580D008DB9A5 /* TabBarViewController.swift */; };
		58F455A927535F57008DB9A5 /* NMmanager.swift in Sources */ = {isa = PBXBuildFile; fileRef = 58F455A827535F57008DB9A5 /* NMmanager.swift */; };
		58F764CF274FEA6F00DCB9AA /* DetailInfoCollectionViewCell.swift in Sources */ = {isa = PBXBuildFile; fileRef = 58F764CD274FEA6F00DCB9AA /* DetailInfoCollectionViewCell.swift */; };
		58F764D0274FEA6F00DCB9AA /* DetailInfoCollectionViewCell.xib in Resources */ = {isa = PBXBuildFile; fileRef = 58F764CE274FEA6F00DCB9AA /* DetailInfoCollectionViewCell.xib */; };
		834C72042F88D6E9AF12623D /* Pods_HungryApp.framework in Frameworks */ = {isa = PBXBuildFile; fileRef = 1195C5AB365A0B3428CBAE30 /* Pods_HungryApp.framework */; };
/* End PBXBuildFile section */

/* Begin PBXFileReference section */
		1195C5AB365A0B3428CBAE30 /* Pods_HungryApp.framework */ = {isa = PBXFileReference; explicitFileType = wrapper.framework; includeInIndex = 0; path = Pods_HungryApp.framework; sourceTree = BUILT_PRODUCTS_DIR; };
		2874C04EE3AFCAC403C4D1C2 /* Pods-HungryApp.debug.xcconfig */ = {isa = PBXFileReference; includeInIndex = 1; lastKnownFileType = text.xcconfig; name = "Pods-HungryApp.debug.xcconfig"; path = "Target Support Files/Pods-HungryApp/Pods-HungryApp.debug.xcconfig"; sourceTree = "<group>"; };
		51D2120254301126F83DAF66 /* Pods-HungryApp.release.xcconfig */ = {isa = PBXFileReference; includeInIndex = 1; lastKnownFileType = text.xcconfig; name = "Pods-HungryApp.release.xcconfig"; path = "Target Support Files/Pods-HungryApp/Pods-HungryApp.release.xcconfig"; sourceTree = "<group>"; };
		58194A32274891EC00133032 /* HungryApp.app */ = {isa = PBXFileReference; explicitFileType = wrapper.application; includeInIndex = 0; path = HungryApp.app; sourceTree = BUILT_PRODUCTS_DIR; };
		58194A35274891EC00133032 /* AppDelegate.swift */ = {isa = PBXFileReference; lastKnownFileType = sourcecode.swift; path = AppDelegate.swift; sourceTree = "<group>"; };
		58194A37274891EC00133032 /* SceneDelegate.swift */ = {isa = PBXFileReference; lastKnownFileType = sourcecode.swift; path = SceneDelegate.swift; sourceTree = "<group>"; };
		58194A39274891EC00133032 /* ViewController.swift */ = {isa = PBXFileReference; lastKnownFileType = sourcecode.swift; path = ViewController.swift; sourceTree = "<group>"; };
		58194A3C274891EC00133032 /* Base */ = {isa = PBXFileReference; lastKnownFileType = file.storyboard; name = Base; path = Base.lproj/Main.storyboard; sourceTree = "<group>"; };
		58194A3E274891ED00133032 /* Assets.xcassets */ = {isa = PBXFileReference; lastKnownFileType = folder.assetcatalog; path = Assets.xcassets; sourceTree = "<group>"; };
		58194A41274891ED00133032 /* Base */ = {isa = PBXFileReference; lastKnownFileType = file.storyboard; name = Base; path = Base.lproj/LaunchScreen.storyboard; sourceTree = "<group>"; };
		58194A43274891ED00133032 /* Info.plist */ = {isa = PBXFileReference; lastKnownFileType = text.plist.xml; path = Info.plist; sourceTree = "<group>"; };
		5841DAA5274E2354006E070E /* SearchedTableView.swift */ = {isa = PBXFileReference; lastKnownFileType = sourcecode.swift; path = SearchedTableView.swift; sourceTree = "<group>"; };
		5841DAA7274E3397006E070E /* AddressData.swift */ = {isa = PBXFileReference; lastKnownFileType = sourcecode.swift; path = AddressData.swift; sourceTree = "<group>"; };
		584871422757137B000F51D7 /* UIImage+Extension.swift */ = {isa = PBXFileReference; lastKnownFileType = sourcecode.swift; path = "UIImage+Extension.swift"; sourceTree = "<group>"; };
		5856E2472752516800F3F9B9 /* WebViewController.swift */ = {isa = PBXFileReference; lastKnownFileType = sourcecode.swift; path = WebViewController.swift; sourceTree = "<group>"; };
		5856E24927526A4700F3F9B9 /* HungryAPIManager.swift */ = {isa = PBXFileReference; lastKnownFileType = sourcecode.swift; path = HungryAPIManager.swift; sourceTree = "<group>"; };
		5856E24C2752775900F3F9B9 /* LoginViewController.swift */ = {isa = PBXFileReference; lastKnownFileType = sourcecode.swift; path = LoginViewController.swift; sourceTree = "<group>"; };
		5856E24E2752776900F3F9B9 /* JoinViewController.swift */ = {isa = PBXFileReference; lastKnownFileType = sourcecode.swift; path = JoinViewController.swift; sourceTree = "<group>"; };
		5856E2502752777800F3F9B9 /* Login.storyboard */ = {isa = PBXFileReference; lastKnownFileType = file.storyboard; path = Login.storyboard; sourceTree = "<group>"; };
		5856E2522752976C00F3F9B9 /* User.swift */ = {isa = PBXFileReference; lastKnownFileType = sourcecode.swift; path = User.swift; sourceTree = "<group>"; };
		5870229F2753DD7800D7213E /* UIViewController+Extension.swift */ = {isa = PBXFileReference; lastKnownFileType = sourcecode.swift; path = "UIViewController+Extension.swift"; sourceTree = "<group>"; };
		587022A12753F06500D7213E /* SearchUserInfoViewController.swift */ = {isa = PBXFileReference; lastKnownFileType = sourcecode.swift; path = SearchUserInfoViewController.swift; sourceTree = "<group>"; };
		587022A32754015A00D7213E /* RegisterNavigationController.swift */ = {isa = PBXFileReference; lastKnownFileType = sourcecode.swift; path = RegisterNavigationController.swift; sourceTree = "<group>"; };
		5883972D276083FD00427E85 /* Constant.swift */ = {isa = PBXFileReference; fileEncoding = 4; lastKnownFileType = sourcecode.swift; name = Constant.swift; path = "../../../../I'mHungry/HungryApp_12.08/HungryApp/Model/Constant.swift"; sourceTree = "<group>"; };
		5899BA8B2758233300CE1EA9 /* Licenses.swift */ = {isa = PBXFileReference; lastKnownFileType = sourcecode.swift; path = Licenses.swift; sourceTree = "<group>"; };
		5899BA8D2758583D00CE1EA9 /* LicenseTableViewCell.swift */ = {isa = PBXFileReference; lastKnownFileType = sourcecode.swift; path = LicenseTableViewCell.swift; sourceTree = "<group>"; };
		5899BA8E2758583D00CE1EA9 /* LicenseTableViewCell.xib */ = {isa = PBXFileReference; lastKnownFileType = file.xib; path = LicenseTableViewCell.xib; sourceTree = "<group>"; };
		58A76F74274B4FD900F1E6B6 /* UISearchBar+Extension.swift */ = {isa = PBXFileReference; lastKnownFileType = sourcecode.swift; path = "UISearchBar+Extension.swift"; sourceTree = "<group>"; };
		58A76F77274B5E9E00F1E6B6 /* RestaurantCollectionViewCell.swift */ = {isa = PBXFileReference; lastKnownFileType = sourcecode.swift; path = RestaurantCollectionViewCell.swift; sourceTree = "<group>"; };
		58A76F78274B5E9E00F1E6B6 /* RestaurantCollectionViewCell.xib */ = {isa = PBXFileReference; lastKnownFileType = file.xib; path = RestaurantCollectionViewCell.xib; sourceTree = "<group>"; };
		58A76F7B274B6EC300F1E6B6 /* UIView+Extension.swift */ = {isa = PBXFileReference; lastKnownFileType = sourcecode.swift; path = "UIView+Extension.swift"; sourceTree = "<group>"; };
		58A87427274BD80700949E02 /* Register.storyboard */ = {isa = PBXFileReference; lastKnownFileType = file.storyboard; path = Register.storyboard; sourceTree = "<group>"; };
		58A87429274BD81900949E02 /* RegisterViewController.swift */ = {isa = PBXFileReference; lastKnownFileType = sourcecode.swift; path = RegisterViewController.swift; sourceTree = "<group>"; };
		58A8742F274CA93500949E02 /* RegisterCollectionViewCell.swift */ = {isa = PBXFileReference; lastKnownFileType = sourcecode.swift; path = RegisterCollectionViewCell.swift; sourceTree = "<group>"; };
		58A87430274CA93500949E02 /* RegisterCollectionViewCell.xib */ = {isa = PBXFileReference; lastKnownFileType = file.xib; path = RegisterCollectionViewCell.xib; sourceTree = "<group>"; };
		58B534B12749F61100D91EF7 /* Setting.storyboard */ = {isa = PBXFileReference; lastKnownFileType = file.storyboard; path = Setting.storyboard; sourceTree = "<group>"; };
		58B534B32749F62500D91EF7 /* SettingViewController.swift */ = {isa = PBXFileReference; lastKnownFileType = sourcecode.swift; path = SettingViewController.swift; sourceTree = "<group>"; };
		58B534B82749F75600D91EF7 /* SettingTableViewCell.swift */ = {isa = PBXFileReference; lastKnownFileType = sourcecode.swift; path = SettingTableViewCell.swift; sourceTree = "<group>"; };
		58B534B92749F75600D91EF7 /* SettingTableViewCell.xib */ = {isa = PBXFileReference; lastKnownFileType = file.xib; path = SettingTableViewCell.xib; sourceTree = "<group>"; };
		58B7E0BE274CD17B0092E532 /* KakaoLocalAPIManager.swift */ = {isa = PBXFileReference; lastKnownFileType = sourcecode.swift; path = KakaoLocalAPIManager.swift; sourceTree = "<group>"; };
		58B7E0C5274E0C340092E532 /* SearchTableViewCell.swift */ = {isa = PBXFileReference; lastKnownFileType = sourcecode.swift; path = SearchTableViewCell.swift; sourceTree = "<group>"; };
		58B7E0C6274E0C340092E532 /* SearchTableViewCell.xib */ = {isa = PBXFileReference; lastKnownFileType = file.xib; path = SearchTableViewCell.xib; sourceTree = "<group>"; };
		58C391F32752BA43000A195E /* UILabel+Extension.swift */ = {isa = PBXFileReference; lastKnownFileType = sourcecode.swift; path = "UILabel+Extension.swift"; sourceTree = "<group>"; };
		58C391F52752D3E7000A195E /* UserDefaultManager.swift */ = {isa = PBXFileReference; lastKnownFileType = sourcecode.swift; path = UserDefaultManager.swift; sourceTree = "<group>"; };
		58D30C6B274A34BA00A905B9 /* Restaurant.storyboard */ = {isa = PBXFileReference; lastKnownFileType = file.storyboard; path = Restaurant.storyboard; sourceTree = "<group>"; };
		58D30C6D274A34D000A905B9 /* RestaurantViewController.swift */ = {isa = PBXFileReference; lastKnownFileType = sourcecode.swift; path = RestaurantViewController.swift; sourceTree = "<group>"; };
		58D30C70274A355C00A905B9 /* RestaurantTableViewCell.swift */ = {isa = PBXFileReference; lastKnownFileType = sourcecode.swift; path = RestaurantTableViewCell.swift; sourceTree = "<group>"; };
		58D30C71274A355C00A905B9 /* RestaurantTableViewCell.xib */ = {isa = PBXFileReference; lastKnownFileType = file.xib; path = RestaurantTableViewCell.xib; sourceTree = "<group>"; };
		58DB694127545FFD000E862B /* FoodCategory.swift */ = {isa = PBXFileReference; lastKnownFileType = sourcecode.swift; path = FoodCategory.swift; sourceTree = "<group>"; };
		58DB6943275461AD000E862B /* LicenseViewController.swift */ = {isa = PBXFileReference; lastKnownFileType = sourcecode.swift; path = LicenseViewController.swift; sourceTree = "<group>"; };
		58DB69452754CF19000E862B /* Marker.swift */ = {isa = PBXFileReference; lastKnownFileType = sourcecode.swift; path = Marker.swift; sourceTree = "<group>"; };
		58DEB5E9275791500027122B /* UIImageView+Extension.swift */ = {isa = PBXFileReference; lastKnownFileType = sourcecode.swift; path = "UIImageView+Extension.swift"; sourceTree = "<group>"; };
		58F455A62753580D008DB9A5 /* TabBarViewController.swift */ = {isa = PBXFileReference; lastKnownFileType = sourcecode.swift; path = TabBarViewController.swift; sourceTree = "<group>"; };
		58F455A827535F57008DB9A5 /* NMmanager.swift */ = {isa = PBXFileReference; lastKnownFileType = sourcecode.swift; path = NMmanager.swift; sourceTree = "<group>"; };
		58F764CD274FEA6F00DCB9AA /* DetailInfoCollectionViewCell.swift */ = {isa = PBXFileReference; lastKnownFileType = sourcecode.swift; path = DetailInfoCollectionViewCell.swift; sourceTree = "<group>"; };
		58F764CE274FEA6F00DCB9AA /* DetailInfoCollectionViewCell.xib */ = {isa = PBXFileReference; lastKnownFileType = file.xib; path = DetailInfoCollectionViewCell.xib; sourceTree = "<group>"; };
/* End PBXFileReference section */

/* Begin PBXFrameworksBuildPhase section */
		58194A2F274891EC00133032 /* Frameworks */ = {
			isa = PBXFrameworksBuildPhase;
			buildActionMask = 2147483647;
			files = (
				58DEB5ED2757B3110027122B /* Kingfisher in Frameworks */,
				58B7E0C2274CD1D70092E532 /* SwiftyJSON in Frameworks */,
				58A8742D274C894000949E02 /* Alamofire in Frameworks */,
				834C72042F88D6E9AF12623D /* Pods_HungryApp.framework in Frameworks */,
			);
			runOnlyForDeploymentPostprocessing = 0;
		};
/* End PBXFrameworksBuildPhase section */

/* Begin PBXGroup section */
		58194A29274891EC00133032 = {
			isa = PBXGroup;
			children = (
				58194A34274891EC00133032 /* HungryApp */,
				58194A33274891EC00133032 /* Products */,
				BE0F068CC65291475E0CC7FF /* Pods */,
				8878722556B41A3191FAB173 /* Frameworks */,
			);
			sourceTree = "<group>";
		};
		58194A33274891EC00133032 /* Products */ = {
			isa = PBXGroup;
			children = (
				58194A32274891EC00133032 /* HungryApp.app */,
			);
			name = Products;
			sourceTree = "<group>";
		};
		58194A34274891EC00133032 /* HungryApp */ = {
			isa = PBXGroup;
			children = (
				58194A35274891EC00133032 /* AppDelegate.swift */,
				58194A37274891EC00133032 /* SceneDelegate.swift */,
				58B7E0BD274CD14E0092E532 /* Controller */,
				58B7E0C3274CD3970092E532 /* ViewController */,
				58B534B72749F68200D91EF7 /* Model */,
				58194A40274891ED00133032 /* LaunchScreen.storyboard */,
				58194A3E274891ED00133032 /* Assets.xcassets */,
				58194A43274891ED00133032 /* Info.plist */,
			);
			path = HungryApp;
			sourceTree = "<group>";
		};
		5856E24B2752774900F3F9B9 /* Login */ = {
			isa = PBXGroup;
			children = (
				5856E24C2752775900F3F9B9 /* LoginViewController.swift */,
				5856E24E2752776900F3F9B9 /* JoinViewController.swift */,
				587022A12753F06500D7213E /* SearchUserInfoViewController.swift */,
				5856E2502752777800F3F9B9 /* Login.storyboard */,
			);
			path = Login;
			sourceTree = "<group>";
		};
		58A76F73274B2ADC00F1E6B6 /* Collection View */ = {
			isa = PBXGroup;
			children = (
				58A76F77274B5E9E00F1E6B6 /* RestaurantCollectionViewCell.swift */,
				58A76F78274B5E9E00F1E6B6 /* RestaurantCollectionViewCell.xib */,
			);
			path = "Collection View";
			sourceTree = "<group>";
		};
		58A76F76274B5D5900F1E6B6 /* Extension */ = {
			isa = PBXGroup;
			children = (
				58A76F74274B4FD900F1E6B6 /* UISearchBar+Extension.swift */,
				58A76F7B274B6EC300F1E6B6 /* UIView+Extension.swift */,
				5870229F2753DD7800D7213E /* UIViewController+Extension.swift */,
				58C391F32752BA43000A195E /* UILabel+Extension.swift */,
				584871422757137B000F51D7 /* UIImage+Extension.swift */,
				58DEB5E9275791500027122B /* UIImageView+Extension.swift */,
			);
			path = Extension;
			sourceTree = "<group>";
		};
		58A76F7D274BD7C600F1E6B6 /* Register */ = {
			isa = PBXGroup;
			children = (
				58A8742E274CA90A00949E02 /* Collection View */,
				58A87429274BD81900949E02 /* RegisterViewController.swift */,
				587022A32754015A00D7213E /* RegisterNavigationController.swift */,
				58A87427274BD80700949E02 /* Register.storyboard */,
			);
			path = Register;
			sourceTree = "<group>";
		};
		58A8742E274CA90A00949E02 /* Collection View */ = {
			isa = PBXGroup;
			children = (
				58A8742F274CA93500949E02 /* RegisterCollectionViewCell.swift */,
				58A87430274CA93500949E02 /* RegisterCollectionViewCell.xib */,
			);
			path = "Collection View";
			sourceTree = "<group>";
		};
		58B534B52749F65900D91EF7 /* Setting */ = {
			isa = PBXGroup;
			children = (
				58B534BC2749F76A00D91EF7 /* TableView */,
				58DB6943275461AD000E862B /* LicenseViewController.swift */,
				58B534B32749F62500D91EF7 /* SettingViewController.swift */,
				58B534B12749F61100D91EF7 /* Setting.storyboard */,
			);
			path = Setting;
			sourceTree = "<group>";
		};
		58B534B62749F66C00D91EF7 /* Main */ = {
			isa = PBXGroup;
			children = (
				58F764D1274FEA7500DCB9AA /* CollectionView */,
				58B7E0C4274E0C050092E532 /* Table View */,
				58F455A62753580D008DB9A5 /* TabBarViewController.swift */,
				58194A39274891EC00133032 /* ViewController.swift */,
				5856E2472752516800F3F9B9 /* WebViewController.swift */,
				58194A3B274891EC00133032 /* Main.storyboard */,
			);
			path = Main;
			sourceTree = "<group>";
		};
		58B534B72749F68200D91EF7 /* Model */ = {
			isa = PBXGroup;
			children = (
				5856E2522752976C00F3F9B9 /* User.swift */,
				58DB694127545FFD000E862B /* FoodCategory.swift */,
				5883972D276083FD00427E85 /* Constant.swift */,
				5841DAA7274E3397006E070E /* AddressData.swift */,
				58DB69452754CF19000E862B /* Marker.swift */,
				5899BA8B2758233300CE1EA9 /* Licenses.swift */,
				58A76F76274B5D5900F1E6B6 /* Extension */,
			);
			path = Model;
			sourceTree = "<group>";
		};
		58B534BC2749F76A00D91EF7 /* TableView */ = {
			isa = PBXGroup;
			children = (
				58B534B82749F75600D91EF7 /* SettingTableViewCell.swift */,
				58B534B92749F75600D91EF7 /* SettingTableViewCell.xib */,
				5899BA8D2758583D00CE1EA9 /* LicenseTableViewCell.swift */,
				5899BA8E2758583D00CE1EA9 /* LicenseTableViewCell.xib */,
			);
			path = TableView;
			sourceTree = "<group>";
		};
		58B7E0BD274CD14E0092E532 /* Controller */ = {
			isa = PBXGroup;
			children = (
				58C391F52752D3E7000A195E /* UserDefaultManager.swift */,
				58F455A827535F57008DB9A5 /* NMmanager.swift */,
				58B7E0BE274CD17B0092E532 /* KakaoLocalAPIManager.swift */,
				5856E24927526A4700F3F9B9 /* HungryAPIManager.swift */,
			);
			path = Controller;
			sourceTree = "<group>";
		};
		58B7E0C3274CD3970092E532 /* ViewController */ = {
			isa = PBXGroup;
			children = (
				5856E24B2752774900F3F9B9 /* Login */,
				58B534B62749F66C00D91EF7 /* Main */,
				58D30C6A274A344C00A905B9 /* Restaurant */,
				58A76F7D274BD7C600F1E6B6 /* Register */,
				58B534B52749F65900D91EF7 /* Setting */,
			);
			path = ViewController;
			sourceTree = "<group>";
		};
		58B7E0C4274E0C050092E532 /* Table View */ = {
			isa = PBXGroup;
			children = (
				58B7E0C5274E0C340092E532 /* SearchTableViewCell.swift */,
				5841DAA5274E2354006E070E /* SearchedTableView.swift */,
				58B7E0C6274E0C340092E532 /* SearchTableViewCell.xib */,
			);
			path = "Table View";
			sourceTree = "<group>";
		};
		58D30C6A274A344C00A905B9 /* Restaurant */ = {
			isa = PBXGroup;
			children = (
				58A76F73274B2ADC00F1E6B6 /* Collection View */,
				58D30C6F274A354500A905B9 /* Table View */,
				58D30C6D274A34D000A905B9 /* RestaurantViewController.swift */,
				58D30C6B274A34BA00A905B9 /* Restaurant.storyboard */,
			);
			path = Restaurant;
			sourceTree = "<group>";
		};
		58D30C6F274A354500A905B9 /* Table View */ = {
			isa = PBXGroup;
			children = (
				58D30C70274A355C00A905B9 /* RestaurantTableViewCell.swift */,
				58D30C71274A355C00A905B9 /* RestaurantTableViewCell.xib */,
			);
			path = "Table View";
			sourceTree = "<group>";
		};
		58F764D1274FEA7500DCB9AA /* CollectionView */ = {
			isa = PBXGroup;
			children = (
				58F764CD274FEA6F00DCB9AA /* DetailInfoCollectionViewCell.swift */,
				58F764CE274FEA6F00DCB9AA /* DetailInfoCollectionViewCell.xib */,
			);
			path = CollectionView;
			sourceTree = "<group>";
		};
		8878722556B41A3191FAB173 /* Frameworks */ = {
			isa = PBXGroup;
			children = (
				1195C5AB365A0B3428CBAE30 /* Pods_HungryApp.framework */,
			);
			name = Frameworks;
			sourceTree = "<group>";
		};
		BE0F068CC65291475E0CC7FF /* Pods */ = {
			isa = PBXGroup;
			children = (
				2874C04EE3AFCAC403C4D1C2 /* Pods-HungryApp.debug.xcconfig */,
				51D2120254301126F83DAF66 /* Pods-HungryApp.release.xcconfig */,
			);
			path = Pods;
			sourceTree = "<group>";
		};
/* End PBXGroup section */

/* Begin PBXNativeTarget section */
		58194A31274891EC00133032 /* HungryApp */ = {
			isa = PBXNativeTarget;
			buildConfigurationList = 58194A46274891ED00133032 /* Build configuration list for PBXNativeTarget "HungryApp" */;
			buildPhases = (
				17A376C348ABFF16AA5DB87D /* [CP] Check Pods Manifest.lock */,
				58194A2E274891EC00133032 /* Sources */,
				58194A2F274891EC00133032 /* Frameworks */,
				58194A30274891EC00133032 /* Resources */,
				393691EBE73C24F8F3CA5403 /* [CP] Embed Pods Frameworks */,
			);
			buildRules = (
			);
			dependencies = (
			);
			name = HungryApp;
			packageProductDependencies = (
				58A8742C274C894000949E02 /* Alamofire */,
				58B7E0C1274CD1D70092E532 /* SwiftyJSON */,
				58DEB5EC2757B3110027122B /* Kingfisher */,
			);
			productName = HungryApp;
			productReference = 58194A32274891EC00133032 /* HungryApp.app */;
			productType = "com.apple.product-type.application";
		};
/* End PBXNativeTarget section */

/* Begin PBXProject section */
		58194A2A274891EC00133032 /* Project object */ = {
			isa = PBXProject;
			attributes = {
				BuildIndependentTargetsInParallel = 1;
				LastSwiftUpdateCheck = 1310;
				LastUpgradeCheck = 1310;
				TargetAttributes = {
					58194A31274891EC00133032 = {
						CreatedOnToolsVersion = 13.1;
					};
				};
			};
			buildConfigurationList = 58194A2D274891EC00133032 /* Build configuration list for PBXProject "HungryApp" */;
			compatibilityVersion = "Xcode 13.0";
			developmentRegion = en;
			hasScannedForEncodings = 0;
			knownRegions = (
				en,
				Base,
			);
			mainGroup = 58194A29274891EC00133032;
			packageReferences = (
				58A8742B274C894000949E02 /* XCRemoteSwiftPackageReference "Alamofire" */,
				58B7E0C0274CD1D70092E532 /* XCRemoteSwiftPackageReference "SwiftyJSON" */,
				58DEB5EB2757B3110027122B /* XCRemoteSwiftPackageReference "Kingfisher" */,
			);
			productRefGroup = 58194A33274891EC00133032 /* Products */;
			projectDirPath = "";
			projectRoot = "";
			targets = (
				58194A31274891EC00133032 /* HungryApp */,
			);
		};
/* End PBXProject section */

/* Begin PBXResourcesBuildPhase section */
		58194A30274891EC00133032 /* Resources */ = {
			isa = PBXResourcesBuildPhase;
			buildActionMask = 2147483647;
			files = (
				58194A42274891ED00133032 /* LaunchScreen.storyboard in Resources */,
				58194A3F274891ED00133032 /* Assets.xcassets in Resources */,
				58A76F7A274B5E9E00F1E6B6 /* RestaurantCollectionViewCell.xib in Resources */,
				5899BA902758583D00CE1EA9 /* LicenseTableViewCell.xib in Resources */,
				58194A3D274891EC00133032 /* Main.storyboard in Resources */,
				58B534BB2749F75600D91EF7 /* SettingTableViewCell.xib in Resources */,
				58B7E0C8274E0C340092E532 /* SearchTableViewCell.xib in Resources */,
				58F764D0274FEA6F00DCB9AA /* DetailInfoCollectionViewCell.xib in Resources */,
				58A87428274BD80700949E02 /* Register.storyboard in Resources */,
				58B534B22749F61100D91EF7 /* Setting.storyboard in Resources */,
				58A87432274CA93500949E02 /* RegisterCollectionViewCell.xib in Resources */,
				58D30C73274A355C00A905B9 /* RestaurantTableViewCell.xib in Resources */,
				58D30C6C274A34BA00A905B9 /* Restaurant.storyboard in Resources */,
				5856E2512752777800F3F9B9 /* Login.storyboard in Resources */,
			);
			runOnlyForDeploymentPostprocessing = 0;
		};
/* End PBXResourcesBuildPhase section */

/* Begin PBXShellScriptBuildPhase section */
		17A376C348ABFF16AA5DB87D /* [CP] Check Pods Manifest.lock */ = {
			isa = PBXShellScriptBuildPhase;
			buildActionMask = 2147483647;
			files = (
			);
			inputFileListPaths = (
			);
			inputPaths = (
				"${PODS_PODFILE_DIR_PATH}/Podfile.lock",
				"${PODS_ROOT}/Manifest.lock",
			);
			name = "[CP] Check Pods Manifest.lock";
			outputFileListPaths = (
			);
			outputPaths = (
				"$(DERIVED_FILE_DIR)/Pods-HungryApp-checkManifestLockResult.txt",
			);
			runOnlyForDeploymentPostprocessing = 0;
			shellPath = /bin/sh;
			shellScript = "diff \"${PODS_PODFILE_DIR_PATH}/Podfile.lock\" \"${PODS_ROOT}/Manifest.lock\" > /dev/null\nif [ $? != 0 ] ; then\n    # print error to STDERR\n    echo \"error: The sandbox is not in sync with the Podfile.lock. Run 'pod install' or update your CocoaPods installation.\" >&2\n    exit 1\nfi\n# This output is used by Xcode 'outputs' to avoid re-running this script phase.\necho \"SUCCESS\" > \"${SCRIPT_OUTPUT_FILE_0}\"\n";
			showEnvVarsInLog = 0;
		};
		393691EBE73C24F8F3CA5403 /* [CP] Embed Pods Frameworks */ = {
			isa = PBXShellScriptBuildPhase;
			buildActionMask = 2147483647;
			files = (
			);
			inputFileListPaths = (
				"${PODS_ROOT}/Target Support Files/Pods-HungryApp/Pods-HungryApp-frameworks-${CONFIGURATION}-input-files.xcfilelist",
			);
			name = "[CP] Embed Pods Frameworks";
			outputFileListPaths = (
				"${PODS_ROOT}/Target Support Files/Pods-HungryApp/Pods-HungryApp-frameworks-${CONFIGURATION}-output-files.xcfilelist",
			);
			runOnlyForDeploymentPostprocessing = 0;
			shellPath = /bin/sh;
			shellScript = "\"${PODS_ROOT}/Target Support Files/Pods-HungryApp/Pods-HungryApp-frameworks.sh\"\n";
			showEnvVarsInLog = 0;
		};
/* End PBXShellScriptBuildPhase section */

/* Begin PBXSourcesBuildPhase section */
		58194A2E274891EC00133032 /* Sources */ = {
			isa = PBXSourcesBuildPhase;
			buildActionMask = 2147483647;
			files = (
				5856E24D2752775900F3F9B9 /* LoginViewController.swift in Sources */,
				5856E2482752516800F3F9B9 /* WebViewController.swift in Sources */,
				5856E24F2752776900F3F9B9 /* JoinViewController.swift in Sources */,
				58DB694227545FFD000E862B /* FoodCategory.swift in Sources */,
				58A76F7C274B6EC300F1E6B6 /* UIView+Extension.swift in Sources */,
				587022A02753DD7800D7213E /* UIViewController+Extension.swift in Sources */,
				58C391F62752D3E7000A195E /* UserDefaultManager.swift in Sources */,
				58B534BA2749F75600D91EF7 /* SettingTableViewCell.swift in Sources */,
				58F455A927535F57008DB9A5 /* NMmanager.swift in Sources */,
				58B7E0BF274CD17B0092E532 /* KakaoLocalAPIManager.swift in Sources */,
				58A76F79274B5E9E00F1E6B6 /* RestaurantCollectionViewCell.swift in Sources */,
				5841DAA6274E2354006E070E /* SearchedTableView.swift in Sources */,
				58C391F42752BA43000A195E /* UILabel+Extension.swift in Sources */,
				58F455A72753580D008DB9A5 /* TabBarViewController.swift in Sources */,
				58A8742A274BD81900949E02 /* RegisterViewController.swift in Sources */,
				5899BA8C2758233300CE1EA9 /* Licenses.swift in Sources */,
				58A87431274CA93500949E02 /* RegisterCollectionViewCell.swift in Sources */,
				58A76F75274B4FD900F1E6B6 /* UISearchBar+Extension.swift in Sources */,
				58B534B42749F62500D91EF7 /* SettingViewController.swift in Sources */,
				58D30C6E274A34D000A905B9 /* RestaurantViewController.swift in Sources */,
				5856E24A27526A4700F3F9B9 /* HungryAPIManager.swift in Sources */,
				58B7E0C7274E0C340092E532 /* SearchTableViewCell.swift in Sources */,
				587022A22753F06500D7213E /* SearchUserInfoViewController.swift in Sources */,
				5841DAA8274E3397006E070E /* AddressData.swift in Sources */,
				58DB6944275461AD000E862B /* LicenseViewController.swift in Sources */,
				58194A3A274891EC00133032 /* ViewController.swift in Sources */,
				5883972E276083FD00427E85 /* Constant.swift in Sources */,
				58D30C72274A355C00A905B9 /* RestaurantTableViewCell.swift in Sources */,
				5899BA8F2758583D00CE1EA9 /* LicenseTableViewCell.swift in Sources */,
				587022A42754015A00D7213E /* RegisterNavigationController.swift in Sources */,
				58194A36274891EC00133032 /* AppDelegate.swift in Sources */,
				584871432757137B000F51D7 /* UIImage+Extension.swift in Sources */,
				58DEB5EA275791500027122B /* UIImageView+Extension.swift in Sources */,
				58DB69462754CF19000E862B /* Marker.swift in Sources */,
				58194A38274891EC00133032 /* SceneDelegate.swift in Sources */,
				58F764CF274FEA6F00DCB9AA /* DetailInfoCollectionViewCell.swift in Sources */,
				5856E2532752976C00F3F9B9 /* User.swift in Sources */,
			);
			runOnlyForDeploymentPostprocessing = 0;
		};
/* End PBXSourcesBuildPhase section */

/* Begin PBXVariantGroup section */
		58194A3B274891EC00133032 /* Main.storyboard */ = {
			isa = PBXVariantGroup;
			children = (
				58194A3C274891EC00133032 /* Base */,
			);
			name = Main.storyboard;
			sourceTree = "<group>";
		};
		58194A40274891ED00133032 /* LaunchScreen.storyboard */ = {
			isa = PBXVariantGroup;
			children = (
				58194A41274891ED00133032 /* Base */,
			);
			name = LaunchScreen.storyboard;
			sourceTree = "<group>";
		};
/* End PBXVariantGroup section */

/* Begin XCBuildConfiguration section */
		58194A44274891ED00133032 /* Debug */ = {
			isa = XCBuildConfiguration;
			buildSettings = {
				ALWAYS_SEARCH_USER_PATHS = NO;
				CLANG_ANALYZER_NONNULL = YES;
				CLANG_ANALYZER_NUMBER_OBJECT_CONVERSION = YES_AGGRESSIVE;
				CLANG_CXX_LANGUAGE_STANDARD = "gnu++17";
				CLANG_CXX_LIBRARY = "libc++";
				CLANG_ENABLE_MODULES = YES;
				CLANG_ENABLE_OBJC_ARC = YES;
				CLANG_ENABLE_OBJC_WEAK = YES;
				CLANG_WARN_BLOCK_CAPTURE_AUTORELEASING = YES;
				CLANG_WARN_BOOL_CONVERSION = YES;
				CLANG_WARN_COMMA = YES;
				CLANG_WARN_CONSTANT_CONVERSION = YES;
				CLANG_WARN_DEPRECATED_OBJC_IMPLEMENTATIONS = YES;
				CLANG_WARN_DIRECT_OBJC_ISA_USAGE = YES_ERROR;
				CLANG_WARN_DOCUMENTATION_COMMENTS = YES;
				CLANG_WARN_EMPTY_BODY = YES;
				CLANG_WARN_ENUM_CONVERSION = YES;
				CLANG_WARN_INFINITE_RECURSION = YES;
				CLANG_WARN_INT_CONVERSION = YES;
				CLANG_WARN_NON_LITERAL_NULL_CONVERSION = YES;
				CLANG_WARN_OBJC_IMPLICIT_RETAIN_SELF = YES;
				CLANG_WARN_OBJC_LITERAL_CONVERSION = YES;
				CLANG_WARN_OBJC_ROOT_CLASS = YES_ERROR;
				CLANG_WARN_QUOTED_INCLUDE_IN_FRAMEWORK_HEADER = YES;
				CLANG_WARN_RANGE_LOOP_ANALYSIS = YES;
				CLANG_WARN_STRICT_PROTOTYPES = YES;
				CLANG_WARN_SUSPICIOUS_MOVE = YES;
				CLANG_WARN_UNGUARDED_AVAILABILITY = YES_AGGRESSIVE;
				CLANG_WARN_UNREACHABLE_CODE = YES;
				CLANG_WARN__DUPLICATE_METHOD_MATCH = YES;
				COPY_PHASE_STRIP = NO;
				DEBUG_INFORMATION_FORMAT = dwarf;
				ENABLE_STRICT_OBJC_MSGSEND = YES;
				ENABLE_TESTABILITY = YES;
				GCC_C_LANGUAGE_STANDARD = gnu11;
				GCC_DYNAMIC_NO_PIC = NO;
				GCC_NO_COMMON_BLOCKS = YES;
				GCC_OPTIMIZATION_LEVEL = 0;
				GCC_PREPROCESSOR_DEFINITIONS = (
					"DEBUG=1",
					"$(inherited)",
				);
				GCC_WARN_64_TO_32_BIT_CONVERSION = YES;
				GCC_WARN_ABOUT_RETURN_TYPE = YES_ERROR;
				GCC_WARN_UNDECLARED_SELECTOR = YES;
				GCC_WARN_UNINITIALIZED_AUTOS = YES_AGGRESSIVE;
				GCC_WARN_UNUSED_FUNCTION = YES;
				GCC_WARN_UNUSED_VARIABLE = YES;
				IPHONEOS_DEPLOYMENT_TARGET = 13.0;
				MTL_ENABLE_DEBUG_INFO = INCLUDE_SOURCE;
				MTL_FAST_MATH = YES;
				ONLY_ACTIVE_ARCH = YES;
				SDKROOT = iphoneos;
				SWIFT_ACTIVE_COMPILATION_CONDITIONS = DEBUG;
				SWIFT_OPTIMIZATION_LEVEL = "-Onone";
			};
			name = Debug;
		};
		58194A45274891ED00133032 /* Release */ = {
			isa = XCBuildConfiguration;
			buildSettings = {
				ALWAYS_SEARCH_USER_PATHS = NO;
				CLANG_ANALYZER_NONNULL = YES;
				CLANG_ANALYZER_NUMBER_OBJECT_CONVERSION = YES_AGGRESSIVE;
				CLANG_CXX_LANGUAGE_STANDARD = "gnu++17";
				CLANG_CXX_LIBRARY = "libc++";
				CLANG_ENABLE_MODULES = YES;
				CLANG_ENABLE_OBJC_ARC = YES;
				CLANG_ENABLE_OBJC_WEAK = YES;
				CLANG_WARN_BLOCK_CAPTURE_AUTORELEASING = YES;
				CLANG_WARN_BOOL_CONVERSION = YES;
				CLANG_WARN_COMMA = YES;
				CLANG_WARN_CONSTANT_CONVERSION = YES;
				CLANG_WARN_DEPRECATED_OBJC_IMPLEMENTATIONS = YES;
				CLANG_WARN_DIRECT_OBJC_ISA_USAGE = YES_ERROR;
				CLANG_WARN_DOCUMENTATION_COMMENTS = YES;
				CLANG_WARN_EMPTY_BODY = YES;
				CLANG_WARN_ENUM_CONVERSION = YES;
				CLANG_WARN_INFINITE_RECURSION = YES;
				CLANG_WARN_INT_CONVERSION = YES;
				CLANG_WARN_NON_LITERAL_NULL_CONVERSION = YES;
				CLANG_WARN_OBJC_IMPLICIT_RETAIN_SELF = YES;
				CLANG_WARN_OBJC_LITERAL_CONVERSION = YES;
				CLANG_WARN_OBJC_ROOT_CLASS = YES_ERROR;
				CLANG_WARN_QUOTED_INCLUDE_IN_FRAMEWORK_HEADER = YES;
				CLANG_WARN_RANGE_LOOP_ANALYSIS = YES;
				CLANG_WARN_STRICT_PROTOTYPES = YES;
				CLANG_WARN_SUSPICIOUS_MOVE = YES;
				CLANG_WARN_UNGUARDED_AVAILABILITY = YES_AGGRESSIVE;
				CLANG_WARN_UNREACHABLE_CODE = YES;
				CLANG_WARN__DUPLICATE_METHOD_MATCH = YES;
				COPY_PHASE_STRIP = NO;
				DEBUG_INFORMATION_FORMAT = "dwarf-with-dsym";
				ENABLE_NS_ASSERTIONS = NO;
				ENABLE_STRICT_OBJC_MSGSEND = YES;
				GCC_C_LANGUAGE_STANDARD = gnu11;
				GCC_NO_COMMON_BLOCKS = YES;
				GCC_WARN_64_TO_32_BIT_CONVERSION = YES;
				GCC_WARN_ABOUT_RETURN_TYPE = YES_ERROR;
				GCC_WARN_UNDECLARED_SELECTOR = YES;
				GCC_WARN_UNINITIALIZED_AUTOS = YES_AGGRESSIVE;
				GCC_WARN_UNUSED_FUNCTION = YES;
				GCC_WARN_UNUSED_VARIABLE = YES;
				IPHONEOS_DEPLOYMENT_TARGET = 13.0;
				MTL_ENABLE_DEBUG_INFO = NO;
				MTL_FAST_MATH = YES;
				ONLY_ACTIVE_ARCH = YES;
				SDKROOT = iphoneos;
				SWIFT_COMPILATION_MODE = wholemodule;
				SWIFT_OPTIMIZATION_LEVEL = "-O";
				VALIDATE_PRODUCT = YES;
			};
			name = Release;
		};
		58194A47274891ED00133032 /* Debug */ = {
			isa = XCBuildConfiguration;
			baseConfigurationReference = 2874C04EE3AFCAC403C4D1C2 /* Pods-HungryApp.debug.xcconfig */;
			buildSettings = {
				ASSETCATALOG_COMPILER_APPICON_NAME = AppIcon;
				ASSETCATALOG_COMPILER_GLOBAL_ACCENT_COLOR_NAME = AccentColor;
				CODE_SIGN_IDENTITY = "Apple Development";
				CODE_SIGN_STYLE = Automatic;
				CURRENT_PROJECT_VERSION = 1;
				DEVELOPMENT_TEAM = QUVU2PY6PG;
				GENERATE_INFOPLIST_FILE = YES;
				INFOPLIST_FILE = HungryApp/Info.plist;
				INFOPLIST_KEY_CFBundleDisplayName = "배고파";
				INFOPLIST_KEY_NSCameraUsageDescription = "";
				INFOPLIST_KEY_NSLocationAlwaysAndWhenInUseUsageDescription = "";
				INFOPLIST_KEY_NSLocationWhenInUseUsageDescription = "";
				INFOPLIST_KEY_NSPhotoLibraryUsageDescription = "";
				INFOPLIST_KEY_UIApplicationSupportsIndirectInputEvents = YES;
				INFOPLIST_KEY_UILaunchStoryboardName = LaunchScreen;
				INFOPLIST_KEY_UIMainStoryboardFile = Login;
				INFOPLIST_KEY_UISupportedInterfaceOrientations = UIInterfaceOrientationPortrait;
				INFOPLIST_KEY_UISupportedInterfaceOrientations_iPad = UIInterfaceOrientationPortrait;
				INFOPLIST_KEY_UISupportedInterfaceOrientations_iPhone = "UIInterfaceOrientationPortrait ";
				IPHONEOS_DEPLOYMENT_TARGET = 13.0;
				LD_RUNPATH_SEARCH_PATHS = (
					"$(inherited)",
					"@executable_path/Frameworks",
				);
				MARKETING_VERSION = 1.0;
				PRODUCT_BUNDLE_IDENTIFIER = com.HungryApp.HungryApp;
				PRODUCT_NAME = "$(TARGET_NAME)";
				PROVISIONING_PROFILE_SPECIFIER = "";
				SWIFT_EMIT_LOC_STRINGS = YES;
				SWIFT_VERSION = 5.0;
				TARGETED_DEVICE_FAMILY = 1;
			};
			name = Debug;
		};
		58194A48274891ED00133032 /* Release */ = {
			isa = XCBuildConfiguration;
			baseConfigurationReference = 51D2120254301126F83DAF66 /* Pods-HungryApp.release.xcconfig */;
			buildSettings = {
				ASSETCATALOG_COMPILER_APPICON_NAME = AppIcon;
				ASSETCATALOG_COMPILER_GLOBAL_ACCENT_COLOR_NAME = AccentColor;
				CODE_SIGN_IDENTITY = "Apple Development";
				CODE_SIGN_STYLE = Automatic;
				CURRENT_PROJECT_VERSION = 1;
				DEVELOPMENT_TEAM = QUVU2PY6PG;
				GENERATE_INFOPLIST_FILE = YES;
				INFOPLIST_FILE = HungryApp/Info.plist;
				INFOPLIST_KEY_CFBundleDisplayName = "배고파";
				INFOPLIST_KEY_NSCameraUsageDescription = "";
				INFOPLIST_KEY_NSLocationAlwaysAndWhenInUseUsageDescription = "";
				INFOPLIST_KEY_NSLocationWhenInUseUsageDescription = "";
				INFOPLIST_KEY_NSPhotoLibraryUsageDescription = "";
				INFOPLIST_KEY_UIApplicationSupportsIndirectInputEvents = YES;
				INFOPLIST_KEY_UILaunchStoryboardName = LaunchScreen;
				INFOPLIST_KEY_UIMainStoryboardFile = Login;
				INFOPLIST_KEY_UISupportedInterfaceOrientations = UIInterfaceOrientationPortrait;
				INFOPLIST_KEY_UISupportedInterfaceOrientations_iPad = UIInterfaceOrientationPortrait;
				INFOPLIST_KEY_UISupportedInterfaceOrientations_iPhone = "UIInterfaceOrientationPortrait ";
				IPHONEOS_DEPLOYMENT_TARGET = 13.0;
				LD_RUNPATH_SEARCH_PATHS = (
					"$(inherited)",
					"@executable_path/Frameworks",
				);
				MARKETING_VERSION = 1.0;
				PRODUCT_BUNDLE_IDENTIFIER = com.HungryApp.HungryApp;
				PRODUCT_NAME = "$(TARGET_NAME)";
				PROVISIONING_PROFILE_SPECIFIER = "";
				SWIFT_EMIT_LOC_STRINGS = YES;
				SWIFT_VERSION = 5.0;
				TARGETED_DEVICE_FAMILY = 1;
			};
			name = Release;
		};
/* End XCBuildConfiguration section */

/* Begin XCConfigurationList section */
		58194A2D274891EC00133032 /* Build configuration list for PBXProject "HungryApp" */ = {
			isa = XCConfigurationList;
			buildConfigurations = (
				58194A44274891ED00133032 /* Debug */,
				58194A45274891ED00133032 /* Release */,
			);
			defaultConfigurationIsVisible = 0;
			defaultConfigurationName = Release;
		};
		58194A46274891ED00133032 /* Build configuration list for PBXNativeTarget "HungryApp" */ = {
			isa = XCConfigurationList;
			buildConfigurations = (
				58194A47274891ED00133032 /* Debug */,
				58194A48274891ED00133032 /* Release */,
			);
			defaultConfigurationIsVisible = 0;
			defaultConfigurationName = Release;
		};
/* End XCConfigurationList section */

/* Begin XCRemoteSwiftPackageReference section */
		58A8742B274C894000949E02 /* XCRemoteSwiftPackageReference "Alamofire" */ = {
			isa = XCRemoteSwiftPackageReference;
			repositoryURL = "https://github.com/Alamofire/Alamofire.git";
			requirement = {
				kind = upToNextMajorVersion;
				minimumVersion = 5.4.4;
			};
		};
		58B7E0C0274CD1D70092E532 /* XCRemoteSwiftPackageReference "SwiftyJSON" */ = {
			isa = XCRemoteSwiftPackageReference;
			repositoryURL = "https://github.com/SwiftyJSON/SwiftyJSON.git";
			requirement = {
				kind = upToNextMajorVersion;
				minimumVersion = 5.0.0;
			};
		};
		58DEB5EB2757B3110027122B /* XCRemoteSwiftPackageReference "Kingfisher" */ = {
			isa = XCRemoteSwiftPackageReference;
			repositoryURL = "https://github.com/onevcat/Kingfisher.git";
			requirement = {
				kind = upToNextMajorVersion;
				minimumVersion = 7.0.0;
			};
		};
/* End XCRemoteSwiftPackageReference section */

/* Begin XCSwiftPackageProductDependency section */
		58A8742C274C894000949E02 /* Alamofire */ = {
			isa = XCSwiftPackageProductDependency;
			package = 58A8742B274C894000949E02 /* XCRemoteSwiftPackageReference "Alamofire" */;
			productName = Alamofire;
		};
		58B7E0C1274CD1D70092E532 /* SwiftyJSON */ = {
			isa = XCSwiftPackageProductDependency;
			package = 58B7E0C0274CD1D70092E532 /* XCRemoteSwiftPackageReference "SwiftyJSON" */;
			productName = SwiftyJSON;
		};
		58DEB5EC2757B3110027122B /* Kingfisher */ = {
			isa = XCSwiftPackageProductDependency;
			package = 58DEB5EB2757B3110027122B /* XCRemoteSwiftPackageReference "Kingfisher" */;
			productName = Kingfisher;
		};
/* End XCSwiftPackageProductDependency section */
	};
	rootObject = 58194A2A274891EC00133032 /* Project object */;
}
